
Microsoft Visual Studio Solution File, Format Version 12.00
# Visual Studio Version 17
VisualStudioVersion = 17.10.34928.147
MinimumVisualStudioVersion = 10.0.40219.1
Project("{FAE04EC0-301F-11D3-BF4B-00C04F79EFBC}") = "Abstract Classes and Methods", "Abstract Classes and Methods\Abstract Classes and Methods.csproj", "{A29615F5-D4E3-4280-940F-B0BF260B0A34}"
EndProject
Global
	GlobalSection(SolutionConfigurationPlatforms) = preSolution
		Debug|Any CPU = Debug|Any CPU
		Release|Any CPU = Release|Any CPU
	EndGlobalSection
	GlobalSection(ProjectConfigurationPlatforms) = postSolution
		{A29615F5-D4E3-4280-940F-B0BF260B0A34}.Debug|Any CPU.ActiveCfg = Debug|Any CPU
		{A29615F5-D4E3-4280-940F-B0BF260B0A34}.Debug|Any CPU.Build.0 = Debug|Any CPU
		{A29615F5-D4E3-4280-940F-B0BF260B0A34}.Release|Any CPU.ActiveCfg = Release|Any CPU
		{A29615F5-D4E3-4280-940F-B0BF260B0A34}.Release|Any CPU.Build.0 = Release|Any CPU
	EndGlobalSection
	GlobalSection(SolutionProperties) = preSolution
		HideSolutionNode = FALSE
	EndGlobalSection
	GlobalSection(ExtensibilityGlobals) = postSolution
		SolutionGuid = {076F497F-B2ED-40A4-A571-0CD01E9F515C}
	EndGlobalSection
EndGlobal
